
Microsoft Visual Studio Solution File, Format Version 12.00
# Visual Studio 15
VisualStudioVersion = 15.0.26430.13
MinimumVisualStudioVersion = 10.0.40219.1
Project("{FAE04EC0-301F-11D3-BF4B-00C04F79EFBC}") = "XLSUtil.Library", "XLSUtil.Library\XLSUtil.Library.csproj", "{2F5F652C-ACA7-4397-A773-C55392166F6F}"
EndProject
Project("{FAE04EC0-301F-11D3-BF4B-00C04F79EFBC}") = "XLSUtil.Usage", "XLSUtil.Usage\XLSUtil.Usage.csproj", "{EA8DB96B-F461-48AF-9925-025380930F0B}"
EndProject
Global
	GlobalSection(SolutionConfigurationPlatforms) = preSolution
		Debug|Any CPU = Debug|Any CPU
		Release|Any CPU = Release|Any CPU
	EndGlobalSection
	GlobalSection(ProjectConfigurationPlatforms) = postSolution
		{2F5F652C-ACA7-4397-A773-C55392166F6F}.Debug|Any CPU.ActiveCfg = Debug|Any CPU
		{2F5F652C-ACA7-4397-A773-C55392166F6F}.Debug|Any CPU.Build.0 = Debug|Any CPU
		{2F5F652C-ACA7-4397-A773-C55392166F6F}.Release|Any CPU.ActiveCfg = Release|Any CPU
		{2F5F652C-ACA7-4397-A773-C55392166F6F}.Release|Any CPU.Build.0 = Release|Any CPU
		{EA8DB96B-F461-48AF-9925-025380930F0B}.Debug|Any CPU.ActiveCfg = Debug|Any CPU
		{EA8DB96B-F461-48AF-9925-025380930F0B}.Debug|Any CPU.Build.0 = Debug|Any CPU
		{EA8DB96B-F461-48AF-9925-025380930F0B}.Release|Any CPU.ActiveCfg = Release|Any CPU
		{EA8DB96B-F461-48AF-9925-025380930F0B}.Release|Any CPU.Build.0 = Release|Any CPU
	EndGlobalSection
	GlobalSection(SolutionProperties) = preSolution
		HideSolutionNode = FALSE
	EndGlobalSection
EndGlobal
